
Microsoft Visual Studio Solution File, Format Version 12.00
# Visual Studio Version 17
VisualStudioVersion = 17.8.34309.116
MinimumVisualStudioVersion = 10.0.40219.1
Project("{9A19103F-16F7-4668-BE54-9A1E7A4F7556}") = "UmaPay.Repository", "UmaPay.Repository\UmaPay.Repository.csproj", "{94D8A367-4F58-4AC6-82C4-2CCA149A1985}"
EndProject
Project("{9A19103F-16F7-4668-BE54-9A1E7A4F7556}") = "UmaPay.Service", "UmaPay.Service\UmaPay.Service.csproj", "{ECAD8C41-4865-4E93-BD7D-98B9EF6D666C}"
EndProject
Project("{9A19103F-16F7-4668-BE54-9A1E7A4F7556}") = "UmaPay.Shared", "UmaPay.Shared\UmaPay.Shared.csproj", "{D2E2F3D2-439A-47BB-AC11-456410E96D91}"
EndProject
Project("{9A19103F-16F7-4668-BE54-9A1E7A4F7556}") = "UmaPay.Resource", "UmaPay.Resource\UmaPay.Resource.csproj", "{2DC12737-7808-4B3D-A49E-24214529FF93}"
EndProject
Project("{9A19103F-16F7-4668-BE54-9A1E7A4F7556}") = "UmaPay.Interface", "UmaPay.Interface\UmaPay.Interface.csproj", "{3756EBAB-8FCD-41BB-A492-C32D6D9A10D0}"
EndProject
Project("{9A19103F-16F7-4668-BE54-9A1E7A4F7556}") = "UmaPay.Middleware.Sap", "UmaPay.Middleware.Sap\UmaPay.Middleware.Sap.csproj", "{74A6BA8B-0446-4A30-9303-BD391513F4AA}"
EndProject
Project("{9A19103F-16F7-4668-BE54-9A1E7A4F7556}") = "UmaPay.Api", "UmaPay.Api\UmaPay.Api.csproj", "{EDA1D1BC-4C0C-4ACD-8E6C-58405F15F6F8}"
EndProject
Project("{2150E333-8FDC-42A3-9474-1A3956D46DE8}") = "Application", "Application", "{9992B05D-E279-40ED-9BE7-D73B1A10166D}"
EndProject
Project("{2150E333-8FDC-42A3-9474-1A3956D46DE8}") = "Infraestructure", "Infraestructure", "{5B63E856-906E-4304-9440-51184B31A1E3}"
EndProject
Project("{2150E333-8FDC-42A3-9474-1A3956D46DE8}") = "Service", "Service", "{4248DB79-87CA-417F-9FA8-D21196F66B4F}"
EndProject
Project("{9A19103F-16F7-4668-BE54-9A1E7A4F7556}") = "UmaPay.Domain", "UmaPay.Domain\UmaPay.Domain.csproj", "{0E31574B-4C04-4781-9918-73D67AC4C4F5}"
EndProject
Project("{9A19103F-16F7-4668-BE54-9A1E7A4F7556}") = "UmaPay.IoC", "UmaPay.IoC\UmaPay.IoC.csproj", "{C33D6CFF-F7F4-4C65-9B3E-53197C76361B}"
EndProject
Project("{9A19103F-16F7-4668-BE54-9A1E7A4F7556}") = "UmaPay.Integration.Nuvei", "UmaPay.Integration.Nuvei\UmaPay.Integration.Nuvei.csproj", "{97B7DDC7-A30A-46BE-B85A-7A8B840C98D9}"
EndProject
Project("{2150E333-8FDC-42A3-9474-1A3956D46DE8}") = "src", "src", "{B96FF81C-6100-4210-A663-3990B424DC3E}"
	ProjectSection(SolutionItems) = preProject
		.dockerignore = .dockerignore
		Dockerfile = Dockerfile
	EndProjectSection
EndProject
Project("{2150E333-8FDC-42A3-9474-1A3956D46DE8}") = "tests", "tests", "{113D8900-29E7-46B6-BF41-C9169A304DA3}"
EndProject
Project("{9A19103F-16F7-4668-BE54-9A1E7A4F7556}") = "UmaPay.UnitTests", "UmaPay.UnitTests\UmaPay.UnitTests.csproj", "{ADE287E8-BEFD-4065-B04C-9245DCADFD47}"
EndProject
Project("{FAE04EC0-301F-11D3-BF4B-00C04F79EFBC}") = "UmaPay.Integration.Wompi", "UmaPay.Integration.Wompi\UmaPay.Integration.Wompi.csproj", "{C53914D3-8FA4-4975-B1EF-E62A2AE1777C}"
EndProject
Global
	GlobalSection(SolutionConfigurationPlatforms) = preSolution
		Debug|Any CPU = Debug|Any CPU
		Release|Any CPU = Release|Any CPU
	EndGlobalSection
	GlobalSection(ProjectConfigurationPlatforms) = postSolution
		{94D8A367-4F58-4AC6-82C4-2CCA149A1985}.Debug|Any CPU.ActiveCfg = Debug|Any CPU
		{94D8A367-4F58-4AC6-82C4-2CCA149A1985}.Debug|Any CPU.Build.0 = Debug|Any CPU
		{94D8A367-4F58-4AC6-82C4-2CCA149A1985}.Release|Any CPU.ActiveCfg = Release|Any CPU
		{94D8A367-4F58-4AC6-82C4-2CCA149A1985}.Release|Any CPU.Build.0 = Release|Any CPU
		{ECAD8C41-4865-4E93-BD7D-98B9EF6D666C}.Debug|Any CPU.ActiveCfg = Debug|Any CPU
		{ECAD8C41-4865-4E93-BD7D-98B9EF6D666C}.Debug|Any CPU.Build.0 = Debug|Any CPU
		{ECAD8C41-4865-4E93-BD7D-98B9EF6D666C}.Release|Any CPU.ActiveCfg = Release|Any CPU
		{ECAD8C41-4865-4E93-BD7D-98B9EF6D666C}.Release|Any CPU.Build.0 = Release|Any CPU
		{D2E2F3D2-439A-47BB-AC11-456410E96D91}.Debug|Any CPU.ActiveCfg = Debug|Any CPU
		{D2E2F3D2-439A-47BB-AC11-456410E96D91}.Debug|Any CPU.Build.0 = Debug|Any CPU
		{D2E2F3D2-439A-47BB-AC11-456410E96D91}.Release|Any CPU.ActiveCfg = Release|Any CPU
		{D2E2F3D2-439A-47BB-AC11-456410E96D91}.Release|Any CPU.Build.0 = Release|Any CPU
		{2DC12737-7808-4B3D-A49E-24214529FF93}.Debug|Any CPU.ActiveCfg = Debug|Any CPU
		{2DC12737-7808-4B3D-A49E-24214529FF93}.Debug|Any CPU.Build.0 = Debug|Any CPU
		{2DC12737-7808-4B3D-A49E-24214529FF93}.Release|Any CPU.ActiveCfg = Release|Any CPU
		{2DC12737-7808-4B3D-A49E-24214529FF93}.Release|Any CPU.Build.0 = Release|Any CPU
		{3756EBAB-8FCD-41BB-A492-C32D6D9A10D0}.Debug|Any CPU.ActiveCfg = Debug|Any CPU
		{3756EBAB-8FCD-41BB-A492-C32D6D9A10D0}.Debug|Any CPU.Build.0 = Debug|Any CPU
		{3756EBAB-8FCD-41BB-A492-C32D6D9A10D0}.Release|Any CPU.ActiveCfg = Release|Any CPU
		{3756EBAB-8FCD-41BB-A492-C32D6D9A10D0}.Release|Any CPU.Build.0 = Release|Any CPU
		{74A6BA8B-0446-4A30-9303-BD391513F4AA}.Debug|Any CPU.ActiveCfg = Debug|Any CPU
		{74A6BA8B-0446-4A30-9303-BD391513F4AA}.Debug|Any CPU.Build.0 = Debug|Any CPU
		{74A6BA8B-0446-4A30-9303-BD391513F4AA}.Release|Any CPU.ActiveCfg = Release|Any CPU
		{74A6BA8B-0446-4A30-9303-BD391513F4AA}.Release|Any CPU.Build.0 = Release|Any CPU
		{EDA1D1BC-4C0C-4ACD-8E6C-58405F15F6F8}.Debug|Any CPU.ActiveCfg = Debug|Any CPU
		{EDA1D1BC-4C0C-4ACD-8E6C-58405F15F6F8}.Debug|Any CPU.Build.0 = Debug|Any CPU
		{EDA1D1BC-4C0C-4ACD-8E6C-58405F15F6F8}.Release|Any CPU.ActiveCfg = Release|Any CPU
		{EDA1D1BC-4C0C-4ACD-8E6C-58405F15F6F8}.Release|Any CPU.Build.0 = Release|Any CPU
		{0E31574B-4C04-4781-9918-73D67AC4C4F5}.Debug|Any CPU.ActiveCfg = Debug|Any CPU
		{0E31574B-4C04-4781-9918-73D67AC4C4F5}.Debug|Any CPU.Build.0 = Debug|Any CPU
		{0E31574B-4C04-4781-9918-73D67AC4C4F5}.Release|Any CPU.ActiveCfg = Release|Any CPU
		{0E31574B-4C04-4781-9918-73D67AC4C4F5}.Release|Any CPU.Build.0 = Release|Any CPU
		{C33D6CFF-F7F4-4C65-9B3E-53197C76361B}.Debug|Any CPU.ActiveCfg = Debug|Any CPU
		{C33D6CFF-F7F4-4C65-9B3E-53197C76361B}.Debug|Any CPU.Build.0 = Debug|Any CPU
		{C33D6CFF-F7F4-4C65-9B3E-53197C76361B}.Release|Any CPU.ActiveCfg = Release|Any CPU
		{C33D6CFF-F7F4-4C65-9B3E-53197C76361B}.Release|Any CPU.Build.0 = Release|Any CPU
		{97B7DDC7-A30A-46BE-B85A-7A8B840C98D9}.Debug|Any CPU.ActiveCfg = Debug|Any CPU
		{97B7DDC7-A30A-46BE-B85A-7A8B840C98D9}.Debug|Any CPU.Build.0 = Debug|Any CPU
		{97B7DDC7-A30A-46BE-B85A-7A8B840C98D9}.Release|Any CPU.ActiveCfg = Release|Any CPU
		{97B7DDC7-A30A-46BE-B85A-7A8B840C98D9}.Release|Any CPU.Build.0 = Release|Any CPU
		{ADE287E8-BEFD-4065-B04C-9245DCADFD47}.Debug|Any CPU.ActiveCfg = Debug|Any CPU
		{ADE287E8-BEFD-4065-B04C-9245DCADFD47}.Debug|Any CPU.Build.0 = Debug|Any CPU
		{ADE287E8-BEFD-4065-B04C-9245DCADFD47}.Release|Any CPU.ActiveCfg = Release|Any CPU
		{ADE287E8-BEFD-4065-B04C-9245DCADFD47}.Release|Any CPU.Build.0 = Release|Any CPU
		{C53914D3-8FA4-4975-B1EF-E62A2AE1777C}.Debug|Any CPU.ActiveCfg = Debug|Any CPU
		{C53914D3-8FA4-4975-B1EF-E62A2AE1777C}.Debug|Any CPU.Build.0 = Debug|Any CPU
		{C53914D3-8FA4-4975-B1EF-E62A2AE1777C}.Release|Any CPU.ActiveCfg = Release|Any CPU
		{C53914D3-8FA4-4975-B1EF-E62A2AE1777C}.Release|Any CPU.Build.0 = Release|Any CPU
	EndGlobalSection
	GlobalSection(SolutionProperties) = preSolution
		HideSolutionNode = FALSE
	EndGlobalSection
	GlobalSection(NestedProjects) = preSolution
		{94D8A367-4F58-4AC6-82C4-2CCA149A1985} = {5B63E856-906E-4304-9440-51184B31A1E3}
		{ECAD8C41-4865-4E93-BD7D-98B9EF6D666C} = {9992B05D-E279-40ED-9BE7-D73B1A10166D}
		{D2E2F3D2-439A-47BB-AC11-456410E96D91} = {5B63E856-906E-4304-9440-51184B31A1E3}
		{2DC12737-7808-4B3D-A49E-24214529FF93} = {9992B05D-E279-40ED-9BE7-D73B1A10166D}
		{3756EBAB-8FCD-41BB-A492-C32D6D9A10D0} = {9992B05D-E279-40ED-9BE7-D73B1A10166D}
		{74A6BA8B-0446-4A30-9303-BD391513F4AA} = {5B63E856-906E-4304-9440-51184B31A1E3}
		{EDA1D1BC-4C0C-4ACD-8E6C-58405F15F6F8} = {4248DB79-87CA-417F-9FA8-D21196F66B4F}
		{9992B05D-E279-40ED-9BE7-D73B1A10166D} = {B96FF81C-6100-4210-A663-3990B424DC3E}
		{5B63E856-906E-4304-9440-51184B31A1E3} = {B96FF81C-6100-4210-A663-3990B424DC3E}
		{4248DB79-87CA-417F-9FA8-D21196F66B4F} = {B96FF81C-6100-4210-A663-3990B424DC3E}
		{0E31574B-4C04-4781-9918-73D67AC4C4F5} = {9992B05D-E279-40ED-9BE7-D73B1A10166D}
		{C33D6CFF-F7F4-4C65-9B3E-53197C76361B} = {B96FF81C-6100-4210-A663-3990B424DC3E}
		{97B7DDC7-A30A-46BE-B85A-7A8B840C98D9} = {5B63E856-906E-4304-9440-51184B31A1E3}
		{ADE287E8-BEFD-4065-B04C-9245DCADFD47} = {113D8900-29E7-46B6-BF41-C9169A304DA3}
		{C53914D3-8FA4-4975-B1EF-E62A2AE1777C} = {5B63E856-906E-4304-9440-51184B31A1E3}
	EndGlobalSection
	GlobalSection(ExtensibilityGlobals) = postSolution
		SolutionGuid = {5F9C3464-82F3-488D-93FE-3769987F6C37}
	EndGlobalSection
EndGlobal
